
Microsoft Visual Studio Solution File, Format Version 12.00
# Visual Studio 14
VisualStudioVersion = 14.0.25123.0
MinimumVisualStudioVersion = 10.0.40219.1
Project("{8BC9CEB8-8B4A-11D0-8D11-00A0C91BC942}") = "Shitot", "Shitot\Shitot.vcxproj", "{28F010D7-1A24-483A-9C0D-264666116770}"
EndProject
Project("{8BC9CEB8-8B4A-11D0-8D11-00A0C91BC942}") = "IControl", "IControl\IControl.vcxproj", "{CFB0E3D8-56B1-4ECB-8398-41747EDFC95B}"
EndProject
Project("{8BC9CEB8-8B4A-11D0-8D11-00A0C91BC942}") = "Button", "Button\Button.vcxproj", "{CB936C3A-0196-4720-9C7A-001F4AD2D105}"
EndProject
Project("{8BC9CEB8-8B4A-11D0-8D11-00A0C91BC942}") = "Label", "Label\Label.vcxproj", "{A9D31F35-3919-43B6-83A6-4323A2378A4C}"
EndProject
Project("{8BC9CEB8-8B4A-11D0-8D11-00A0C91BC942}") = "TextBox", "TextBox\TextBox.vcxproj", "{BEC53215-E6A5-449C-ADE5-AB1340FCF25F}"
EndProject
Project("{8BC9CEB8-8B4A-11D0-8D11-00A0C91BC942}") = "Panel", "Panel\Panel.vcxproj", "{22BFAEDE-7234-437E-BA9F-C16BC30512BD}"
EndProject
Project("{8BC9CEB8-8B4A-11D0-8D11-00A0C91BC942}") = "CheckList", "CheckList\CheckList.vcxproj", "{77F76D10-20EB-4ADE-86C7-5D903B1CD5D8}"
EndProject
Project("{8BC9CEB8-8B4A-11D0-8D11-00A0C91BC942}") = "Comobox", "Comobox\Comobox.vcxproj", "{F1A9320E-B0BC-474D-BAAD-B03E45165F2C}"
EndProject
Project("{8BC9CEB8-8B4A-11D0-8D11-00A0C91BC942}") = "ConsoleEventsHandler", "ConsoleEventsHandler\ConsoleEventsHandler.vcxproj", "{18509E00-7760-44BE-B9CC-CA9C52DCD01B}"
EndProject
Project("{8BC9CEB8-8B4A-11D0-8D11-00A0C91BC942}") = "NumericBox", "NumericBox\NumericBox.vcxproj", "{F1E5193D-AF4D-4471-BEC8-6DD39E3D6D92}"
EndProject
Project("{8BC9CEB8-8B4A-11D0-8D11-00A0C91BC942}") = "MessageBoxs", "MessageBoxs\MessageBoxs.vcxproj", "{E4FFC2E8-831C-40ED-B7A7-435BF03E917E}"
EndProject
Project("{8BC9CEB8-8B4A-11D0-8D11-00A0C91BC942}") = "RadioBox", "RadioBox\RadioBox.vcxproj", "{E1E2603C-7C39-4CD0-B338-3519068F894D}"
EndProject
Project("{8BC9CEB8-8B4A-11D0-8D11-00A0C91BC942}") = "TestControls", "TestControls\TestControls.vcxproj", "{248B4CE4-61B2-4C9A-AD17-6CB3CB8BA572}"
EndProject
Global
	GlobalSection(SolutionConfigurationPlatforms) = preSolution
		Debug|x64 = Debug|x64
		Debug|x86 = Debug|x86
		Release|x64 = Release|x64
		Release|x86 = Release|x86
	EndGlobalSection
	GlobalSection(ProjectConfigurationPlatforms) = postSolution
		{28F010D7-1A24-483A-9C0D-264666116770}.Debug|x64.ActiveCfg = Debug|x64
		{28F010D7-1A24-483A-9C0D-264666116770}.Debug|x64.Build.0 = Debug|x64
		{28F010D7-1A24-483A-9C0D-264666116770}.Debug|x86.ActiveCfg = Debug|Win32
		{28F010D7-1A24-483A-9C0D-264666116770}.Debug|x86.Build.0 = Debug|Win32
		{28F010D7-1A24-483A-9C0D-264666116770}.Release|x64.ActiveCfg = Release|x64
		{28F010D7-1A24-483A-9C0D-264666116770}.Release|x64.Build.0 = Release|x64
		{28F010D7-1A24-483A-9C0D-264666116770}.Release|x86.ActiveCfg = Release|Win32
		{28F010D7-1A24-483A-9C0D-264666116770}.Release|x86.Build.0 = Release|Win32
		{CFB0E3D8-56B1-4ECB-8398-41747EDFC95B}.Debug|x64.ActiveCfg = Debug|x64
		{CFB0E3D8-56B1-4ECB-8398-41747EDFC95B}.Debug|x64.Build.0 = Debug|x64
		{CFB0E3D8-56B1-4ECB-8398-41747EDFC95B}.Debug|x86.ActiveCfg = Debug|Win32
		{CFB0E3D8-56B1-4ECB-8398-41747EDFC95B}.Debug|x86.Build.0 = Debug|Win32
		{CFB0E3D8-56B1-4ECB-8398-41747EDFC95B}.Release|x64.ActiveCfg = Release|x64
		{CFB0E3D8-56B1-4ECB-8398-41747EDFC95B}.Release|x64.Build.0 = Release|x64
		{CFB0E3D8-56B1-4ECB-8398-41747EDFC95B}.Release|x86.ActiveCfg = Release|Win32
		{CFB0E3D8-56B1-4ECB-8398-41747EDFC95B}.Release|x86.Build.0 = Release|Win32
		{CB936C3A-0196-4720-9C7A-001F4AD2D105}.Debug|x64.ActiveCfg = Debug|x64
		{CB936C3A-0196-4720-9C7A-001F4AD2D105}.Debug|x64.Build.0 = Debug|x64
		{CB936C3A-0196-4720-9C7A-001F4AD2D105}.Debug|x86.ActiveCfg = Debug|Win32
		{CB936C3A-0196-4720-9C7A-001F4AD2D105}.Debug|x86.Build.0 = Debug|Win32
		{CB936C3A-0196-4720-9C7A-001F4AD2D105}.Release|x64.ActiveCfg = Release|x64
		{CB936C3A-0196-4720-9C7A-001F4AD2D105}.Release|x64.Build.0 = Release|x64
		{CB936C3A-0196-4720-9C7A-001F4AD2D105}.Release|x86.ActiveCfg = Release|Win32
		{CB936C3A-0196-4720-9C7A-001F4AD2D105}.Release|x86.Build.0 = Release|Win32
		{A9D31F35-3919-43B6-83A6-4323A2378A4C}.Debug|x64.ActiveCfg = Debug|x64
		{A9D31F35-3919-43B6-83A6-4323A2378A4C}.Debug|x64.Build.0 = Debug|x64
		{A9D31F35-3919-43B6-83A6-4323A2378A4C}.Debug|x86.ActiveCfg = Debug|Win32
		{A9D31F35-3919-43B6-83A6-4323A2378A4C}.Debug|x86.Build.0 = Debug|Win32
		{A9D31F35-3919-43B6-83A6-4323A2378A4C}.Release|x64.ActiveCfg = Release|x64
		{A9D31F35-3919-43B6-83A6-4323A2378A4C}.Release|x64.Build.0 = Release|x64
		{A9D31F35-3919-43B6-83A6-4323A2378A4C}.Release|x86.ActiveCfg = Release|Win32
		{A9D31F35-3919-43B6-83A6-4323A2378A4C}.Release|x86.Build.0 = Release|Win32
		{BEC53215-E6A5-449C-ADE5-AB1340FCF25F}.Debug|x64.ActiveCfg = Debug|x64
		{BEC53215-E6A5-449C-ADE5-AB1340FCF25F}.Debug|x64.Build.0 = Debug|x64
		{BEC53215-E6A5-449C-ADE5-AB1340FCF25F}.Debug|x86.ActiveCfg = Debug|Win32
		{BEC53215-E6A5-449C-ADE5-AB1340FCF25F}.Debug|x86.Build.0 = Debug|Win32
		{BEC53215-E6A5-449C-ADE5-AB1340FCF25F}.Release|x64.ActiveCfg = Release|x64
		{BEC53215-E6A5-449C-ADE5-AB1340FCF25F}.Release|x64.Build.0 = Release|x64
		{BEC53215-E6A5-449C-ADE5-AB1340FCF25F}.Release|x86.ActiveCfg = Release|Win32
		{BEC53215-E6A5-449C-ADE5-AB1340FCF25F}.Release|x86.Build.0 = Release|Win32
		{22BFAEDE-7234-437E-BA9F-C16BC30512BD}.Debug|x64.ActiveCfg = Debug|x64
		{22BFAEDE-7234-437E-BA9F-C16BC30512BD}.Debug|x64.Build.0 = Debug|x64
		{22BFAEDE-7234-437E-BA9F-C16BC30512BD}.Debug|x86.ActiveCfg = Debug|Win32
		{22BFAEDE-7234-437E-BA9F-C16BC30512BD}.Debug|x86.Build.0 = Debug|Win32
		{22BFAEDE-7234-437E-BA9F-C16BC30512BD}.Release|x64.ActiveCfg = Release|x64
		{22BFAEDE-7234-437E-BA9F-C16BC30512BD}.Release|x64.Build.0 = Release|x64
		{22BFAEDE-7234-437E-BA9F-C16BC30512BD}.Release|x86.ActiveCfg = Release|Win32
		{22BFAEDE-7234-437E-BA9F-C16BC30512BD}.Release|x86.Build.0 = Release|Win32
		{77F76D10-20EB-4ADE-86C7-5D903B1CD5D8}.Debug|x64.ActiveCfg = Debug|x64
		{77F76D10-20EB-4ADE-86C7-5D903B1CD5D8}.Debug|x64.Build.0 = Debug|x64
		{77F76D10-20EB-4ADE-86C7-5D903B1CD5D8}.Debug|x86.ActiveCfg = Debug|Win32
		{77F76D10-20EB-4ADE-86C7-5D903B1CD5D8}.Debug|x86.Build.0 = Debug|Win32
		{77F76D10-20EB-4ADE-86C7-5D903B1CD5D8}.Release|x64.ActiveCfg = Release|x64
		{77F76D10-20EB-4ADE-86C7-5D903B1CD5D8}.Release|x64.Build.0 = Release|x64
		{77F76D10-20EB-4ADE-86C7-5D903B1CD5D8}.Release|x86.ActiveCfg = Release|Win32
		{77F76D10-20EB-4ADE-86C7-5D903B1CD5D8}.Release|x86.Build.0 = Release|Win32
		{F1A9320E-B0BC-474D-BAAD-B03E45165F2C}.Debug|x64.ActiveCfg = Debug|x64
		{F1A9320E-B0BC-474D-BAAD-B03E45165F2C}.Debug|x64.Build.0 = Debug|x64
		{F1A9320E-B0BC-474D-BAAD-B03E45165F2C}.Debug|x86.ActiveCfg = Debug|Win32
		{F1A9320E-B0BC-474D-BAAD-B03E45165F2C}.Debug|x86.Build.0 = Debug|Win32
		{F1A9320E-B0BC-474D-BAAD-B03E45165F2C}.Release|x64.ActiveCfg = Release|x64
		{F1A9320E-B0BC-474D-BAAD-B03E45165F2C}.Release|x64.Build.0 = Release|x64
		{F1A9320E-B0BC-474D-BAAD-B03E45165F2C}.Release|x86.ActiveCfg = Release|Win32
		{F1A9320E-B0BC-474D-BAAD-B03E45165F2C}.Release|x86.Build.0 = Release|Win32
		{18509E00-7760-44BE-B9CC-CA9C52DCD01B}.Debug|x64.ActiveCfg = Debug|x64
		{18509E00-7760-44BE-B9CC-CA9C52DCD01B}.Debug|x64.Build.0 = Debug|x64
		{18509E00-7760-44BE-B9CC-CA9C52DCD01B}.Debug|x86.ActiveCfg = Debug|Win32
		{18509E00-7760-44BE-B9CC-CA9C52DCD01B}.Debug|x86.Build.0 = Debug|Win32
		{18509E00-7760-44BE-B9CC-CA9C52DCD01B}.Release|x64.ActiveCfg = Release|x64
		{18509E00-7760-44BE-B9CC-CA9C52DCD01B}.Release|x64.Build.0 = Release|x64
		{18509E00-7760-44BE-B9CC-CA9C52DCD01B}.Release|x86.ActiveCfg = Release|Win32
		{18509E00-7760-44BE-B9CC-CA9C52DCD01B}.Release|x86.Build.0 = Release|Win32
		{F1E5193D-AF4D-4471-BEC8-6DD39E3D6D92}.Debug|x64.ActiveCfg = Debug|x64
		{F1E5193D-AF4D-4471-BEC8-6DD39E3D6D92}.Debug|x64.Build.0 = Debug|x64
		{F1E5193D-AF4D-4471-BEC8-6DD39E3D6D92}.Debug|x86.ActiveCfg = Debug|Win32
		{F1E5193D-AF4D-4471-BEC8-6DD39E3D6D92}.Debug|x86.Build.0 = Debug|Win32
		{F1E5193D-AF4D-4471-BEC8-6DD39E3D6D92}.Release|x64.ActiveCfg = Release|x64
		{F1E5193D-AF4D-4471-BEC8-6DD39E3D6D92}.Release|x64.Build.0 = Release|x64
		{F1E5193D-AF4D-4471-BEC8-6DD39E3D6D92}.Release|x86.ActiveCfg = Release|Win32
		{F1E5193D-AF4D-4471-BEC8-6DD39E3D6D92}.Release|x86.Build.0 = Release|Win32
		{E4FFC2E8-831C-40ED-B7A7-435BF03E917E}.Debug|x64.ActiveCfg = Debug|x64
		{E4FFC2E8-831C-40ED-B7A7-435BF03E917E}.Debug|x64.Build.0 = Debug|x64
		{E4FFC2E8-831C-40ED-B7A7-435BF03E917E}.Debug|x86.ActiveCfg = Debug|Win32
		{E4FFC2E8-831C-40ED-B7A7-435BF03E917E}.Debug|x86.Build.0 = Debug|Win32
		{E4FFC2E8-831C-40ED-B7A7-435BF03E917E}.Release|x64.ActiveCfg = Release|x64
		{E4FFC2E8-831C-40ED-B7A7-435BF03E917E}.Release|x64.Build.0 = Release|x64
		{E4FFC2E8-831C-40ED-B7A7-435BF03E917E}.Release|x86.ActiveCfg = Release|Win32
		{E4FFC2E8-831C-40ED-B7A7-435BF03E917E}.Release|x86.Build.0 = Release|Win32
		{E1E2603C-7C39-4CD0-B338-3519068F894D}.Debug|x64.ActiveCfg = Debug|x64
		{E1E2603C-7C39-4CD0-B338-3519068F894D}.Debug|x64.Build.0 = Debug|x64
		{E1E2603C-7C39-4CD0-B338-3519068F894D}.Debug|x86.ActiveCfg = Debug|Win32
		{E1E2603C-7C39-4CD0-B338-3519068F894D}.Debug|x86.Build.0 = Debug|Win32
		{E1E2603C-7C39-4CD0-B338-3519068F894D}.Release|x64.ActiveCfg = Release|x64
		{E1E2603C-7C39-4CD0-B338-3519068F894D}.Release|x64.Build.0 = Release|x64
		{E1E2603C-7C39-4CD0-B338-3519068F894D}.Release|x86.ActiveCfg = Release|Win32
		{E1E2603C-7C39-4CD0-B338-3519068F894D}.Release|x86.Build.0 = Release|Win32
		{248B4CE4-61B2-4C9A-AD17-6CB3CB8BA572}.Debug|x64.ActiveCfg = Debug|x64
		{248B4CE4-61B2-4C9A-AD17-6CB3CB8BA572}.Debug|x64.Build.0 = Debug|x64
		{248B4CE4-61B2-4C9A-AD17-6CB3CB8BA572}.Debug|x86.ActiveCfg = Debug|Win32
		{248B4CE4-61B2-4C9A-AD17-6CB3CB8BA572}.Debug|x86.Build.0 = Debug|Win32
		{248B4CE4-61B2-4C9A-AD17-6CB3CB8BA572}.Release|x64.ActiveCfg = Release|x64
		{248B4CE4-61B2-4C9A-AD17-6CB3CB8BA572}.Release|x64.Build.0 = Release|x64
		{248B4CE4-61B2-4C9A-AD17-6CB3CB8BA572}.Release|x86.ActiveCfg = Release|Win32
		{248B4CE4-61B2-4C9A-AD17-6CB3CB8BA572}.Release|x86.Build.0 = Release|Win32
	EndGlobalSection
	GlobalSection(SolutionProperties) = preSolution
		HideSolutionNode = FALSE
	EndGlobalSection
EndGlobal
